
Microsoft Visual Studio Solution File, Format Version 12.00
# Visual Studio Version 17
VisualStudioVersion = 17.3.32901.215
MinimumVisualStudioVersion = 10.0.40219.1
Project("{FAE04EC0-301F-11D3-BF4B-00C04F79EFBC}") = "p4-1-1214053", "p4-1-1214053\p4-1-1214053.csproj", "{F16B38AE-C575-44A2-9B1C-166D4A649ECD}"
EndProject
Global
	GlobalSection(SolutionConfigurationPlatforms) = preSolution
		Debug|Any CPU = Debug|Any CPU
		Release|Any CPU = Release|Any CPU
	EndGlobalSection
	GlobalSection(ProjectConfigurationPlatforms) = postSolution
		{F16B38AE-C575-44A2-9B1C-166D4A649ECD}.Debug|Any CPU.ActiveCfg = Debug|Any CPU
		{F16B38AE-C575-44A2-9B1C-166D4A649ECD}.Debug|Any CPU.Build.0 = Debug|Any CPU
		{F16B38AE-C575-44A2-9B1C-166D4A649ECD}.Release|Any CPU.ActiveCfg = Release|Any CPU
		{F16B38AE-C575-44A2-9B1C-166D4A649ECD}.Release|Any CPU.Build.0 = Release|Any CPU
	EndGlobalSection
	GlobalSection(SolutionProperties) = preSolution
		HideSolutionNode = FALSE
	EndGlobalSection
	GlobalSection(ExtensibilityGlobals) = postSolution
		SolutionGuid = {4B90243F-ABE0-436F-9B82-DE72DF8AFEFF}
	EndGlobalSection
EndGlobal
